
Microsoft Visual Studio Solution File, Format Version 12.00
# Visual Studio Version 17
VisualStudioVersion = 17.8.34511.84
MinimumVisualStudioVersion = 10.0.40219.1
Project("{FAE04EC0-301F-11D3-BF4B-00C04F79EFBC}") = "LR2", "LR2.csproj", "{BFDC589E-0FE0-4F36-9AC1-87BA3F92C25E}"
EndProject
Global
	GlobalSection(SolutionConfigurationPlatforms) = preSolution
		Debug|Any CPU = Debug|Any CPU
		Release|Any CPU = Release|Any CPU
	EndGlobalSection
	GlobalSection(ProjectConfigurationPlatforms) = postSolution
		{BFDC589E-0FE0-4F36-9AC1-87BA3F92C25E}.Debug|Any CPU.ActiveCfg = Debug|Any CPU
		{BFDC589E-0FE0-4F36-9AC1-87BA3F92C25E}.Debug|Any CPU.Build.0 = Debug|Any CPU
		{BFDC589E-0FE0-4F36-9AC1-87BA3F92C25E}.Release|Any CPU.ActiveCfg = Release|Any CPU
		{BFDC589E-0FE0-4F36-9AC1-87BA3F92C25E}.Release|Any CPU.Build.0 = Release|Any CPU
	EndGlobalSection
	GlobalSection(SolutionProperties) = preSolution
		HideSolutionNode = FALSE
	EndGlobalSection
	GlobalSection(ExtensibilityGlobals) = postSolution
		SolutionGuid = {3ACA79BC-D46A-4040-A48C-049430616119}
	EndGlobalSection
EndGlobal
